# THIS IS AN AUTOGENERATED FILE. DO NOT EDIT THIS FILE DIRECTLY.
# yarn lockfile v1


use-react-router-breadcrumbs@^3.2.1:
  version "3.2.1"
  resolved "https://registry.yarnpkg.com/use-react-router-breadcrumbs/-/use-react-router-breadcrumbs-3.2.1.tgz#05eba57efa5feb581e7f6f46a7ad88c7d9cb9db8"
  integrity sha512-GpDhGo/A0I1ckGLER1/YZX/tgX+KOAyCGG2HgFIc0SVzQ30hTilufNdNRN3Gt+WXJW0zgn48CxxKvKSe+xA3TA==
